{
  "name": "playwright-tests",
  "version": "1.0.0",
  "lockfileVersion": 3,
  "requires": true,
  "packages": {
    "": {
      "name": "playwright-tests",
      "version": "1.0.0",
      "license": "ISC",
      "devDependencies": {
        "@playwright/test": "^1.60.0-alpha-2026-04-06",
        "@types/node": "^25.2.3",
        "dotenv": "^17.4.2"
      }
    },
    "node_modules/@playwright/test": {
      "version": "1.60.0-alpha-2026-04-06",
      "resolved": "https://registry.npmjs.org/@playwright/test/-/test-1.60.0-alpha-2026-04-06.tgz",
      "integrity": "sha512-RtA98sOfvb6hVi4sV9WjPb6MRgND8GQv0EeqKWUarjxcMnbU3DE0W1HHVjd6PZInJuuIz2gxy7KnQaH+mtyjaw==",
      "dev": true,
      "license": "Apache-2.0",
      "dependencies": {
        "playwright": "1.60.0-alpha-2026-04-06"
      },
      "bin": {
        "playwright": "cli.js"
      },
      "engines": {
        "node": ">=18"
      }
    },
    "node_modules/@types/node": {
      "version": "25.2.3",
      "resolved": "https://registry.npmjs.org/@types/node/-/node-25.2.3.tgz",
      "integrity": "sha512-m0jEgYlYz+mDJZ2+F4v8D1AyQb+QzsNqRuI7xg1VQX/KlKS0qT9r1Mo16yo5F/MtifXFgaofIFsdFMox2SxIbQ==",
      "dev": true,
      "license": "MIT",
      "dependencies": {
        "undici-types": "~7.16.0"
      }
    },
    "node_modules/dotenv": {
      "version": "17.4.2",
      "resolved": "https://registry.npmjs.org/dotenv/-/dotenv-17.4.2.tgz",
      "integrity": "sha512-nI4U3TottKAcAD9LLud4Cb7b2QztQMUEfHbvhTH09bqXTxnSie8WnjPALV/WMCrJZ6UV/qHJ6L03OqO3LcdYZw==",
      "dev": true,
      "license": "BSD-2-Clause",
      "engines": {
        "node": ">=12"
      },
      "funding": {
        "url": "https://dotenvx.com"
      }
    },
    "node_modules/fsevents": {
      "version": "2.3.2",
      "resolved": "https://registry.npmjs.org/fsevents/-/fsevents-2.3.2.tgz",
      "integrity": "sha512-xiqMQR4xAeHTuB9uWm+fFRcIOgKBMiOBP+eXiyT7jsgVCq1bkVygt00oASowB7EdtpOHaaPgKt812P9ab+DDKA==",
      "dev": true,
      "hasInstallScript": true,
      "license": "MIT",
      "optional": true,
      "os": [
        "darwin"
      ],
      "engines": {
        "node": "^8.16.0 || ^10.6.0 || >=11.0.0"
      }
    },
    "node_modules/playwright": {
      "version": "1.60.0-alpha-2026-04-06",
      "resolved": "https://registry.npmjs.org/playwright/-/playwright-1.60.0-alpha-2026-04-06.tgz",
      "integrity": "sha512-XYIVJkx10/bo+JXcuTIMxsvH1aA5Ue/ITGnp8oVNWCbYJIyyGSyUmo3dPrF2mRqiuUEripnXs0Apblfm9zZCxA==",
      "dev": true,
      "license": "Apache-2.0",
      "dependencies": {
        "playwright-core": "1.60.0-alpha-2026-04-06"
      },
      "bin": {
        "playwright": "cli.js"
      },
      "engines": {
        "node": ">=18"
      },
      "optionalDependencies": {
        "fsevents": "2.3.2"
      }
    },
    "node_modules/playwright-core": {
      "version": "1.60.0-alpha-2026-04-06",
      "resolved": "https://registry.npmjs.org/playwright-core/-/playwright-core-1.60.0-alpha-2026-04-06.tgz",
      "integrity": "sha512-iBJKirdBcH9mGKRjLG4sT05cKixhWO0EMFK6jpRZT6EflUf7ucPDB0lZo+SJfDuq6VIDIvjh0J4o9V81qkQUvQ==",
      "dev": true,
      "license": "Apache-2.0",
      "bin": {
        "playwright-core": "cli.js"
      },
      "engines": {
        "node": ">=18"
      }
    },
    "node_modules/undici-types": {
      "version": "7.16.0",
      "resolved": "https://registry.npmjs.org/undici-types/-/undici-types-7.16.0.tgz",
      "integrity": "sha512-Zz+aZWSj8LE6zoxD+xrjh4VfkIG8Ya6LvYkZqtUQGJPZjYl53ypCaUwWqo7eI0x66KBGeRo+mlBEkMSeSZ38Nw==",
      "dev": true,
      "license": "MIT"
    }
  }
}
